<Solution>
  <Folder Name="/Solution Items/">
    <File Path=".dockerignore" />
    <File Path="docker-compose.yml" />
    <File Path="src/University.API/Dockerfile" />
  </Folder>
  <Folder Name="/src/">
    <Project Path="src/University.API/University.API.csproj" />
    <Project Path="src/University.Application/University.Application.csproj" />
    <Project Path="src/University.Domain/University.Domain.csproj" />
    <Project Path="src/University.Identity/University.Identity.csproj" />
    <Project Path="src/University.Persistance/University.Persistance.csproj" />
  </Folder>
  <Folder Name="/tests/">
    <Project Path="tests/University.Tests/University.Tests.csproj" />
  </Folder>
</Solution>
